// !$*UTF8*$!
{
	archiveVersion = 1;
	classes = {
	};
	objectVersion = 48;
	objects = {

/* Begin PBXBuildFile section */
		DCDAB6FC1FB3D2F4009BCA33 /* AppDelegate.m in Sources */ = {isa = PBXBuildFile; fileRef = DCDAB6FB1FB3D2F4009BCA33 /* AppDelegate.m */; };
		DCDAB6FF1FB3D2F4009BCA33 /* ViewController.m in Sources */ = {isa = PBXBuildFile; fileRef = DCDAB6FE1FB3D2F4009BCA33 /* ViewController.m */; };
		DCDAB7021FB3D2F4009BCA33 /* Main.storyboard in Resources */ = {isa = PBXBuildFile; fileRef = DCDAB7001FB3D2F4009BCA33 /* Main.storyboard */; };
		DCDAB7041FB3D2F4009BCA33 /* Assets.xcassets in Resources */ = {isa = PBXBuildFile; fileRef = DCDAB7031FB3D2F4009BCA33 /* Assets.xcassets */; };
		DCDAB7071FB3D2F4009BCA33 /* LaunchScreen.storyboard in Resources */ = {isa = PBXBuildFile; fileRef = DCDAB7051FB3D2F4009BCA33 /* LaunchScreen.storyboard */; };
		DCDAB70A1FB3D2F4009BCA33 /* main.m in Sources */ = {isa = PBXBuildFile; fileRef = DCDAB7091FB3D2F4009BCA33 /* main.m */; };
		DCDAB7111FB3DA7A009BCA33 /* 烟火.mp3 in Resources */ = {isa = PBXBuildFile; fileRef = DCDAB7101FB3DA79009BCA33 /* 烟火.mp3 */; };
/* End PBXBuildFile section */

/* Begin PBXFileReference section */
		DCDAB6F71FB3D2F4009BCA33 /* AudioPlayer.app */ = {isa = PBXFileReference; explicitFileType = wrapper.application; includeInIndex = 0; path = AudioPlayer.app; sourceTree = BUILT_PRODUCTS_DIR; };
		DCDAB6FA1FB3D2F4009BCA33 /* AppDelegate.h */ = {isa = PBXFileReference; lastKnownFileType = sourcecode.c.h; path = AppDelegate.h; sourceTree = "<group>"; };
		DCDAB6FB1FB3D2F4009BCA33 /* AppDelegate.m */ = {isa = PBXFileReference; lastKnownFileType = sourcecode.c.objc; path = AppDelegate.m; sourceTree = "<group>"; };
		DCDAB6FD1FB3D2F4009BCA33 /* ViewController.h */ = {isa = PBXFileReference; lastKnownFileType = sourcecode.c.h; path = ViewController.h; sourceTree = "<group>"; };
		DCDAB6FE1FB3D2F4009BCA33 /* ViewController.m */ = {isa = PBXFileReference; lastKnownFileType = sourcecode.c.objc; path = ViewController.m; sourceTree = "<group>"; };
		DCDAB7011FB3D2F4009BCA33 /* Base */ = {isa = PBXFileReference; lastKnownFileType = file.storyboard; name = Base; path = Base.lproj/Main.storyboard; sourceTree = "<group>"; };
		DCDAB7031FB3D2F4009BCA33 /* Assets.xcassets */ = {isa = PBXFileReference; lastKnownFileType = folder.assetcatalog; path = Assets.xcassets; sourceTree = "<group>"; };
		DCDAB7061FB3D2F4009BCA33 /* Base */ = {isa = PBXFileReference; lastKnownFileType = file.storyboard; name = Base; path = Base.lproj/LaunchScreen.storyboard; sourceTree = "<group>"; };
		DCDAB7081FB3D2F4009BCA33 /* Info.plist */ = {isa = PBXFileReference; lastKnownFileType = text.plist.xml; path = Info.plist; sourceTree = "<group>"; };
		DCDAB7091FB3D2F4009BCA33 /* main.m */ = {isa = PBXFileReference; lastKnownFileType = sourcecode.c.objc; path = main.m; sourceTree = "<group>"; };
		DCDAB7101FB3DA79009BCA33 /* 烟火.mp3 */ = {isa = PBXFileReference; lastKnownFileType = audio.mp3; path = "烟火.mp3"; sourceTree = "<group>"; };
/* End PBXFileReference section */

/* Begin PBXFrameworksBuildPhase section */
		DCDAB6F41FB3D2F4009BCA33 /* Frameworks */ = {
			isa = PBXFrameworksBuildPhase;
			buildActionMask = 2147483647;
			files = (
			);
			runOnlyForDeploymentPostprocessing = 0;
		};
/* End PBXFrameworksBuildPhase section */

/* Begin PBXGroup section */
		DCDAB6EE1FB3D2F4009BCA33 = {
			isa = PBXGroup;
			children = (
				DCDAB6F91FB3D2F4009BCA33 /* AudioPlayer */,
				DCDAB6F81FB3D2F4009BCA33 /* Products */,
			);
			sourceTree = "<group>";
		};
		DCDAB6F81FB3D2F4009BCA33 /* Products */ = {
			isa = PBXGroup;
			children = (
				DCDAB6F71FB3D2F4009BCA33 /* AudioPlayer.app */,
			);
			name = Products;
			sourceTree = "<group>";
		};
		DCDAB6F91FB3D2F4009BCA33 /* AudioPlayer */ = {
			isa = PBXGroup;
			children = (
				DCDAB6FA1FB3D2F4009BCA33 /* AppDelegate.h */,
				DCDAB6FB1FB3D2F4009BCA33 /* AppDelegate.m */,
				DCDAB7101FB3DA79009BCA33 /* 烟火.mp3 */,
				DCDAB6FD1FB3D2F4009BCA33 /* ViewController.h */,
				DCDAB6FE1FB3D2F4009BCA33 /* ViewController.m */,
				DCDAB7001FB3D2F4009BCA33 /* Main.storyboard */,
				DCDAB7031FB3D2F4009BCA33 /* Assets.xcassets */,
				DCDAB7051FB3D2F4009BCA33 /* LaunchScreen.storyboard */,
				DCDAB7081FB3D2F4009BCA33 /* Info.plist */,
				DCDAB7091FB3D2F4009BCA33 /* main.m */,
			);
			path = AudioPlayer;
			sourceTree = "<group>";
		};
/* End PBXGroup section */

/* Begin PBXNativeTarget section */
		DCDAB6F61FB3D2F4009BCA33 /* AudioPlayer */ = {
			isa = PBXNativeTarget;
			buildConfigurationList = DCDAB70D1FB3D2F4009BCA33 /* Build configuration list for PBXNativeTarget "AudioPlayer" */;
			buildPhases = (
				DCDAB6F31FB3D2F4009BCA33 /* Sources */,
				DCDAB6F41FB3D2F4009BCA33 /* Frameworks */,
				DCDAB6F51FB3D2F4009BCA33 /* Resources */,
			);
			buildRules = (
			);
			dependencies = (
			);
			name = AudioPlayer;
			productName = AudioPlayer;
			productReference = DCDAB6F71FB3D2F4009BCA33 /* AudioPlayer.app */;
			productType = "com.apple.product-type.application";
		};
/* End PBXNativeTarget section */

/* Begin PBXProject section */
		DCDAB6EF1FB3D2F4009BCA33 /* Project object */ = {
			isa = PBXProject;
			attributes = {
				LastUpgradeCheck = 0910;
				ORGANIZATIONNAME = Felix;
				TargetAttributes = {
					DCDAB6F61FB3D2F4009BCA33 = {
						CreatedOnToolsVersion = 9.1;
						ProvisioningStyle = Automatic;
					};
				};
			};
			buildConfigurationList = DCDAB6F21FB3D2F4009BCA33 /* Build configuration list for PBXProject "AudioPlayer" */;
			compatibilityVersion = "Xcode 8.0";
			developmentRegion = en;
			hasScannedForEncodings = 0;
			knownRegions = (
				en,
				Base,
			);
			mainGroup = DCDAB6EE1FB3D2F4009BCA33;
			productRefGroup = DCDAB6F81FB3D2F4009BCA33 /* Products */;
			projectDirPath = "";
			projectRoot = "";
			targets = (
				DCDAB6F61FB3D2F4009BCA33 /* AudioPlayer */,
			);
		};
/* End PBXProject section */

/* Begin PBXResourcesBuildPhase section */
		DCDAB6F51FB3D2F4009BCA33 /* Resources */ = {
			isa = PBXResourcesBuildPhase;
			buildActionMask = 2147483647;
			files = (
				DCDAB7071FB3D2F4009BCA33 /* LaunchScreen.storyboard in Resources */,
				DCDAB7041FB3D2F4009BCA33 /* Assets.xcassets in Resources */,
				DCDAB7111FB3DA7A009BCA33 /* 烟火.mp3 in Resources */,
				DCDAB7021FB3D2F4009BCA33 /* Main.storyboard in Resources */,
			);
			runOnlyForDeploymentPostprocessing = 0;
		};
/* End PBXResourcesBuildPhase section */

/* Begin PBXSourcesBuildPhase section */
		DCDAB6F31FB3D2F4009BCA33 /* Sources */ = {
			isa = PBXSourcesBuildPhase;
			buildActionMask = 2147483647;
			files = (
				DCDAB6FF1FB3D2F4009BCA33 /* ViewController.m in Sources */,
				DCDAB70A1FB3D2F4009BCA33 /* main.m in Sources */,
				DCDAB6FC1FB3D2F4009BCA33 /* AppDelegate.m in Sources */,
			);
			runOnlyForDeploymentPostprocessing = 0;
		};
/* End PBXSourcesBuildPhase section */

/* Begin PBXVariantGroup section */
		DCDAB7001FB3D2F4009BCA33 /* Main.storyboard */ = {
			isa = PBXVariantGroup;
			children = (
				DCDAB7011FB3D2F4009BCA33 /* Base */,
			);
			name = Main.storyboard;
			sourceTree = "<group>";
		};
		DCDAB7051FB3D2F4009BCA33 /* LaunchScreen.storyboard */ = {
			isa = PBXVariantGroup;
			children = (
				DCDAB7061FB3D2F4009BCA33 /* Base */,
			);
			name = LaunchScreen.storyboard;
			sourceTree = "<group>";
		};
/* End PBXVariantGroup section */

/* Begin XCBuildConfiguration section */
		DCDAB70B1FB3D2F4009BCA33 /* Debug */ = {
			isa = XCBuildConfiguration;
			buildSettings = {
				ALWAYS_SEARCH_USER_PATHS = NO;
				CLANG_ANALYZER_NONNULL = YES;
				CLANG_ANALYZER_NUMBER_OBJECT_CONVERSION = YES_AGGRESSIVE;
				CLANG_CXX_LANGUAGE_STANDARD = "gnu++14";
				CLANG_CXX_LIBRARY = "libc++";
				CLANG_ENABLE_MODULES = YES;
				CLANG_ENABLE_OBJC_ARC = YES;
				CLANG_WARN_BLOCK_CAPTURE_AUTORELEASING = YES;
				CLANG_WARN_BOOL_CONVERSION = YES;
				CLANG_WARN_COMMA = YES;
				CLANG_WARN_CONSTANT_CONVERSION = YES;
				CLANG_WARN_DIRECT_OBJC_ISA_USAGE = YES_ERROR;
				CLANG_WARN_DOCUMENTATION_COMMENTS = YES;
				CLANG_WARN_EMPTY_BODY = YES;
				CLANG_WARN_ENUM_CONVERSION = YES;
				CLANG_WARN_INFINITE_RECURSION = YES;
				CLANG_WARN_INT_CONVERSION = YES;
				CLANG_WARN_NON_LITERAL_NULL_CONVERSION = YES;
				CLANG_WARN_OBJC_LITERAL_CONVERSION = YES;
				CLANG_WARN_OBJC_ROOT_CLASS = YES_ERROR;
				CLANG_WARN_RANGE_LOOP_ANALYSIS = YES;
				CLANG_WARN_STRICT_PROTOTYPES = YES;
				CLANG_WARN_SUSPICIOUS_MOVE = YES;
				CLANG_WARN_UNGUARDED_AVAILABILITY = YES_AGGRESSIVE;
				CLANG_WARN_UNREACHABLE_CODE = YES;
				CLANG_WARN__DUPLICATE_METHOD_MATCH = YES;
				CODE_SIGN_IDENTITY = "iPhone Developer";
				COPY_PHASE_STRIP = NO;
				DEBUG_INFORMATION_FORMAT = dwarf;
				ENABLE_STRICT_OBJC_MSGSEND = YES;
				ENABLE_TESTABILITY = YES;
				GCC_C_LANGUAGE_STANDARD = gnu11;
				GCC_DYNAMIC_NO_PIC = NO;
				GCC_NO_COMMON_BLOCKS = YES;
				GCC_OPTIMIZATION_LEVEL = 0;
				GCC_PREPROCESSOR_DEFINITIONS = (
					"DEBUG=1",
					"$(inherited)",
				);
				GCC_WARN_64_TO_32_BIT_CONVERSION = YES;
				GCC_WARN_ABOUT_RETURN_TYPE = YES_ERROR;
				GCC_WARN_UNDECLARED_SELECTOR = YES;
				GCC_WARN_UNINITIALIZED_AUTOS = YES_AGGRESSIVE;
				GCC_WARN_UNUSED_FUNCTION = YES;
				GCC_WARN_UNUSED_VARIABLE = YES;
				IPHONEOS_DEPLOYMENT_TARGET = 11.1;
				MTL_ENABLE_DEBUG_INFO = YES;
				ONLY_ACTIVE_ARCH = YES;
				SDKROOT = iphoneos;
			};
			name = Debug;
		};
		DCDAB70C1FB3D2F4009BCA33 /* Release */ = {
			isa = XCBuildConfiguration;
			buildSettings = {
				ALWAYS_SEARCH_USER_PATHS = NO;
				CLANG_ANALYZER_NONNULL = YES;
				CLANG_ANALYZER_NUMBER_OBJECT_CONVERSION = YES_AGGRESSIVE;
				CLANG_CXX_LANGUAGE_STANDARD = "gnu++14";
				CLANG_CXX_LIBRARY = "libc++";
				CLANG_ENABLE_MODULES = YES;
				CLANG_ENABLE_OBJC_ARC = YES;
				CLANG_WARN_BLOCK_CAPTURE_AUTORELEASING = YES;
				CLANG_WARN_BOOL_CONVERSION = YES;
				CLANG_WARN_COMMA = YES;
				CLANG_WARN_CONSTANT_CONVERSION = YES;
				CLANG_WARN_DIRECT_OBJC_ISA_USAGE = YES_ERROR;
				CLANG_WARN_DOCUMENTATION_COMMENTS = YES;
				CLANG_WARN_EMPTY_BODY = YES;
				CLANG_WARN_ENUM_CONVERSION = YES;
				CLANG_WARN_INFINITE_RECURSION = YES;
				CLANG_WARN_INT_CONVERSION = YES;
				CLANG_WARN_NON_LITERAL_NULL_CONVERSION = YES;
				CLANG_WARN_OBJC_LITERAL_CONVERSION = YES;
				CLANG_WARN_OBJC_ROOT_CLASS = YES_ERROR;
				CLANG_WARN_RANGE_LOOP_ANALYSIS = YES;
				CLANG_WARN_STRICT_PROTOTYPES = YES;
				CLANG_WARN_SUSPICIOUS_MOVE = YES;
				CLANG_WARN_UNGUARDED_AVAILABILITY = YES_AGGRESSIVE;
				CLANG_WARN_UNREACHABLE_CODE = YES;
				CLANG_WARN__DUPLICATE_METHOD_MATCH = YES;
				CODE_SIGN_IDENTITY = "iPhone Developer";
				COPY_PHASE_STRIP = NO;
				DEBUG_INFORMATION_FORMAT = "dwarf-with-dsym";
				ENABLE_NS_ASSERTIONS = NO;
				ENABLE_STRICT_OBJC_MSGSEND = YES;
				GCC_C_LANGUAGE_STANDARD = gnu11;
				GCC_NO_COMMON_BLOCKS = YES;
				GCC_WARN_64_TO_32_BIT_CONVERSION = YES;
				GCC_WARN_ABOUT_RETURN_TYPE = YES_ERROR;
				GCC_WARN_UNDECLARED_SELECTOR = YES;
				GCC_WARN_UNINITIALIZED_AUTOS = YES_AGGRESSIVE;
				GCC_WARN_UNUSED_FUNCTION = YES;
				GCC_WARN_UNUSED_VARIABLE = YES;
				IPHONEOS_DEPLOYMENT_TARGET = 11.1;
				MTL_ENABLE_DEBUG_INFO = NO;
				SDKROOT = iphoneos;
				VALIDATE_PRODUCT = YES;
			};
			name = Release;
		};
		DCDAB70E1FB3D2F4009BCA33 /* Debug */ = {
			isa = XCBuildConfiguration;
			buildSettings = {
				ASSETCATALOG_COMPILER_APPICON_NAME = AppIcon;
				CODE_SIGN_STYLE = Automatic;
				INFOPLIST_FILE = AudioPlayer/Info.plist;
				LD_RUNPATH_SEARCH_PATHS = "$(inherited) @executable_path/Frameworks";
				PRODUCT_BUNDLE_IDENTIFIER = sbs.cn.AudioPlayer;
				PRODUCT_NAME = "$(TARGET_NAME)";
				TARGETED_DEVICE_FAMILY = "1,2";
			};
			name = Debug;
		};
		DCDAB70F1FB3D2F4009BCA33 /* Release */ = {
			isa = XCBuildConfiguration;
			buildSettings = {
				ASSETCATALOG_COMPILER_APPICON_NAME = AppIcon;
				CODE_SIGN_STYLE = Automatic;
				INFOPLIST_FILE = AudioPlayer/Info.plist;
				LD_RUNPATH_SEARCH_PATHS = "$(inherited) @executable_path/Frameworks";
				PRODUCT_BUNDLE_IDENTIFIER = sbs.cn.AudioPlayer;
				PRODUCT_NAME = "$(TARGET_NAME)";
				TARGETED_DEVICE_FAMILY = "1,2";
			};
			name = Release;
		};
/* End XCBuildConfiguration section */

/* Begin XCConfigurationList section */
		DCDAB6F21FB3D2F4009BCA33 /* Build configuration list for PBXProject "AudioPlayer" */ = {
			isa = XCConfigurationList;
			buildConfigurations = (
				DCDAB70B1FB3D2F4009BCA33 /* Debug */,
				DCDAB70C1FB3D2F4009BCA33 /* Release */,
			);
			defaultConfigurationIsVisible = 0;
			defaultConfigurationName = Release;
		};
		DCDAB70D1FB3D2F4009BCA33 /* Build configuration list for PBXNativeTarget "AudioPlayer" */ = {
			isa = XCConfigurationList;
			buildConfigurations = (
				DCDAB70E1FB3D2F4009BCA33 /* Debug */,
				DCDAB70F1FB3D2F4009BCA33 /* Release */,
			);
			defaultConfigurationIsVisible = 0;
			defaultConfigurationName = Release;
		};
/* End XCConfigurationList section */
	};
	rootObject = DCDAB6EF1FB3D2F4009BCA33 /* Project object */;
}
