// !$*UTF8*$!
{
	archiveVersion = 1;
	classes = {
	};
	objectVersion = 50;
	objects = {

/* Begin PBXBuildFile section */
		DCC20ABF20A331BA002D5AAF /* AppDelegate.m in Sources */ = {isa = PBXBuildFile; fileRef = DCC20ABE20A331BA002D5AAF /* AppDelegate.m */; };
		DCC20AC220A331BA002D5AAF /* ViewController.m in Sources */ = {isa = PBXBuildFile; fileRef = DCC20AC120A331BA002D5AAF /* ViewController.m */; };
		DCC20AC520A331BA002D5AAF /* Main.storyboard in Resources */ = {isa = PBXBuildFile; fileRef = DCC20AC320A331BA002D5AAF /* Main.storyboard */; };
		DCC20AC720A331BE002D5AAF /* Assets.xcassets in Resources */ = {isa = PBXBuildFile; fileRef = DCC20AC620A331BE002D5AAF /* Assets.xcassets */; };
		DCC20ACA20A331BE002D5AAF /* LaunchScreen.storyboard in Resources */ = {isa = PBXBuildFile; fileRef = DCC20AC820A331BE002D5AAF /* LaunchScreen.storyboard */; };
		DCC20ACD20A331BE002D5AAF /* main.m in Sources */ = {isa = PBXBuildFile; fileRef = DCC20ACC20A331BE002D5AAF /* main.m */; };
		DCC20AD520A34985002D5AAF /* CarModel.m in Sources */ = {isa = PBXBuildFile; fileRef = DCC20AD420A34985002D5AAF /* CarModel.m */; };
		DCC20AD820A34C33002D5AAF /* Car.m in Sources */ = {isa = PBXBuildFile; fileRef = DCC20AD720A34C33002D5AAF /* Car.m */; };
/* End PBXBuildFile section */

/* Begin PBXFileReference section */
		DCC20ABA20A331BA002D5AAF /* tableView_OC.app */ = {isa = PBXFileReference; explicitFileType = wrapper.application; includeInIndex = 0; path = tableView_OC.app; sourceTree = BUILT_PRODUCTS_DIR; };
		DCC20ABD20A331BA002D5AAF /* AppDelegate.h */ = {isa = PBXFileReference; lastKnownFileType = sourcecode.c.h; path = AppDelegate.h; sourceTree = "<group>"; };
		DCC20ABE20A331BA002D5AAF /* AppDelegate.m */ = {isa = PBXFileReference; lastKnownFileType = sourcecode.c.objc; path = AppDelegate.m; sourceTree = "<group>"; };
		DCC20AC020A331BA002D5AAF /* ViewController.h */ = {isa = PBXFileReference; lastKnownFileType = sourcecode.c.h; path = ViewController.h; sourceTree = "<group>"; };
		DCC20AC120A331BA002D5AAF /* ViewController.m */ = {isa = PBXFileReference; lastKnownFileType = sourcecode.c.objc; path = ViewController.m; sourceTree = "<group>"; };
		DCC20AC420A331BA002D5AAF /* Base */ = {isa = PBXFileReference; lastKnownFileType = file.storyboard; name = Base; path = Base.lproj/Main.storyboard; sourceTree = "<group>"; };
		DCC20AC620A331BE002D5AAF /* Assets.xcassets */ = {isa = PBXFileReference; lastKnownFileType = folder.assetcatalog; path = Assets.xcassets; sourceTree = "<group>"; };
		DCC20AC920A331BE002D5AAF /* Base */ = {isa = PBXFileReference; lastKnownFileType = file.storyboard; name = Base; path = Base.lproj/LaunchScreen.storyboard; sourceTree = "<group>"; };
		DCC20ACB20A331BE002D5AAF /* Info.plist */ = {isa = PBXFileReference; lastKnownFileType = text.plist.xml; path = Info.plist; sourceTree = "<group>"; };
		DCC20ACC20A331BE002D5AAF /* main.m */ = {isa = PBXFileReference; lastKnownFileType = sourcecode.c.objc; path = main.m; sourceTree = "<group>"; };
		DCC20AD320A34985002D5AAF /* CarModel.h */ = {isa = PBXFileReference; lastKnownFileType = sourcecode.c.h; path = CarModel.h; sourceTree = "<group>"; };
		DCC20AD420A34985002D5AAF /* CarModel.m */ = {isa = PBXFileReference; lastKnownFileType = sourcecode.c.objc; path = CarModel.m; sourceTree = "<group>"; };
		DCC20AD620A34C33002D5AAF /* Car.h */ = {isa = PBXFileReference; lastKnownFileType = sourcecode.c.h; path = Car.h; sourceTree = "<group>"; };
		DCC20AD720A34C33002D5AAF /* Car.m */ = {isa = PBXFileReference; lastKnownFileType = sourcecode.c.objc; path = Car.m; sourceTree = "<group>"; };
/* End PBXFileReference section */

/* Begin PBXFrameworksBuildPhase section */
		DCC20AB720A331BA002D5AAF /* Frameworks */ = {
			isa = PBXFrameworksBuildPhase;
			buildActionMask = 2147483647;
			files = (
			);
			runOnlyForDeploymentPostprocessing = 0;
		};
/* End PBXFrameworksBuildPhase section */

/* Begin PBXGroup section */
		DCC20AB120A331BA002D5AAF = {
			isa = PBXGroup;
			children = (
				DCC20AD620A34C33002D5AAF /* Car.h */,
				DCC20AD720A34C33002D5AAF /* Car.m */,
				DCC20AD320A34985002D5AAF /* CarModel.h */,
				DCC20AD420A34985002D5AAF /* CarModel.m */,
				DCC20ABC20A331BA002D5AAF /* tableView_OC */,
				DCC20ABB20A331BA002D5AAF /* Products */,
			);
			sourceTree = "<group>";
		};
		DCC20ABB20A331BA002D5AAF /* Products */ = {
			isa = PBXGroup;
			children = (
				DCC20ABA20A331BA002D5AAF /* tableView_OC.app */,
			);
			name = Products;
			sourceTree = "<group>";
		};
		DCC20ABC20A331BA002D5AAF /* tableView_OC */ = {
			isa = PBXGroup;
			children = (
				DCC20ABD20A331BA002D5AAF /* AppDelegate.h */,
				DCC20ABE20A331BA002D5AAF /* AppDelegate.m */,
				DCC20AC020A331BA002D5AAF /* ViewController.h */,
				DCC20AC120A331BA002D5AAF /* ViewController.m */,
				DCC20AC320A331BA002D5AAF /* Main.storyboard */,
				DCC20AC620A331BE002D5AAF /* Assets.xcassets */,
				DCC20AC820A331BE002D5AAF /* LaunchScreen.storyboard */,
				DCC20ACB20A331BE002D5AAF /* Info.plist */,
				DCC20ACC20A331BE002D5AAF /* main.m */,
			);
			path = tableView_OC;
			sourceTree = "<group>";
		};
/* End PBXGroup section */

/* Begin PBXNativeTarget section */
		DCC20AB920A331BA002D5AAF /* tableView_OC */ = {
			isa = PBXNativeTarget;
			buildConfigurationList = DCC20AD020A331BE002D5AAF /* Build configuration list for PBXNativeTarget "tableView_OC" */;
			buildPhases = (
				DCC20AB620A331BA002D5AAF /* Sources */,
				DCC20AB720A331BA002D5AAF /* Frameworks */,
				DCC20AB820A331BA002D5AAF /* Resources */,
			);
			buildRules = (
			);
			dependencies = (
			);
			name = tableView_OC;
			productName = tableView_OC;
			productReference = DCC20ABA20A331BA002D5AAF /* tableView_OC.app */;
			productType = "com.apple.product-type.application";
		};
/* End PBXNativeTarget section */

/* Begin PBXProject section */
		DCC20AB220A331BA002D5AAF /* Project object */ = {
			isa = PBXProject;
			attributes = {
				LastUpgradeCheck = 0930;
				ORGANIZATIONNAME = Felix;
				TargetAttributes = {
					DCC20AB920A331BA002D5AAF = {
						CreatedOnToolsVersion = 9.3;
					};
				};
			};
			buildConfigurationList = DCC20AB520A331BA002D5AAF /* Build configuration list for PBXProject "tableView_OC" */;
			compatibilityVersion = "Xcode 9.3";
			developmentRegion = en;
			hasScannedForEncodings = 0;
			knownRegions = (
				en,
				Base,
			);
			mainGroup = DCC20AB120A331BA002D5AAF;
			productRefGroup = DCC20ABB20A331BA002D5AAF /* Products */;
			projectDirPath = "";
			projectRoot = "";
			targets = (
				DCC20AB920A331BA002D5AAF /* tableView_OC */,
			);
		};
/* End PBXProject section */

/* Begin PBXResourcesBuildPhase section */
		DCC20AB820A331BA002D5AAF /* Resources */ = {
			isa = PBXResourcesBuildPhase;
			buildActionMask = 2147483647;
			files = (
				DCC20ACA20A331BE002D5AAF /* LaunchScreen.storyboard in Resources */,
				DCC20AC720A331BE002D5AAF /* Assets.xcassets in Resources */,
				DCC20AC520A331BA002D5AAF /* Main.storyboard in Resources */,
			);
			runOnlyForDeploymentPostprocessing = 0;
		};
/* End PBXResourcesBuildPhase section */

/* Begin PBXSourcesBuildPhase section */
		DCC20AB620A331BA002D5AAF /* Sources */ = {
			isa = PBXSourcesBuildPhase;
			buildActionMask = 2147483647;
			files = (
				DCC20AD820A34C33002D5AAF /* Car.m in Sources */,
				DCC20AD520A34985002D5AAF /* CarModel.m in Sources */,
				DCC20AC220A331BA002D5AAF /* ViewController.m in Sources */,
				DCC20ACD20A331BE002D5AAF /* main.m in Sources */,
				DCC20ABF20A331BA002D5AAF /* AppDelegate.m in Sources */,
			);
			runOnlyForDeploymentPostprocessing = 0;
		};
/* End PBXSourcesBuildPhase section */

/* Begin PBXVariantGroup section */
		DCC20AC320A331BA002D5AAF /* Main.storyboard */ = {
			isa = PBXVariantGroup;
			children = (
				DCC20AC420A331BA002D5AAF /* Base */,
			);
			name = Main.storyboard;
			sourceTree = "<group>";
		};
		DCC20AC820A331BE002D5AAF /* LaunchScreen.storyboard */ = {
			isa = PBXVariantGroup;
			children = (
				DCC20AC920A331BE002D5AAF /* Base */,
			);
			name = LaunchScreen.storyboard;
			sourceTree = "<group>";
		};
/* End PBXVariantGroup section */

/* Begin XCBuildConfiguration section */
		DCC20ACE20A331BE002D5AAF /* Debug */ = {
			isa = XCBuildConfiguration;
			buildSettings = {
				ALWAYS_SEARCH_USER_PATHS = NO;
				CLANG_ANALYZER_NONNULL = YES;
				CLANG_ANALYZER_NUMBER_OBJECT_CONVERSION = YES_AGGRESSIVE;
				CLANG_CXX_LANGUAGE_STANDARD = "gnu++14";
				CLANG_CXX_LIBRARY = "libc++";
				CLANG_ENABLE_MODULES = YES;
				CLANG_ENABLE_OBJC_ARC = YES;
				CLANG_ENABLE_OBJC_WEAK = YES;
				CLANG_WARN_BLOCK_CAPTURE_AUTORELEASING = YES;
				CLANG_WARN_BOOL_CONVERSION = YES;
				CLANG_WARN_COMMA = YES;
				CLANG_WARN_CONSTANT_CONVERSION = YES;
				CLANG_WARN_DEPRECATED_OBJC_IMPLEMENTATIONS = YES;
				CLANG_WARN_DIRECT_OBJC_ISA_USAGE = YES_ERROR;
				CLANG_WARN_DOCUMENTATION_COMMENTS = YES;
				CLANG_WARN_EMPTY_BODY = YES;
				CLANG_WARN_ENUM_CONVERSION = YES;
				CLANG_WARN_INFINITE_RECURSION = YES;
				CLANG_WARN_INT_CONVERSION = YES;
				CLANG_WARN_NON_LITERAL_NULL_CONVERSION = YES;
				CLANG_WARN_OBJC_IMPLICIT_RETAIN_SELF = YES;
				CLANG_WARN_OBJC_LITERAL_CONVERSION = YES;
				CLANG_WARN_OBJC_ROOT_CLASS = YES_ERROR;
				CLANG_WARN_RANGE_LOOP_ANALYSIS = YES;
				CLANG_WARN_STRICT_PROTOTYPES = YES;
				CLANG_WARN_SUSPICIOUS_MOVE = YES;
				CLANG_WARN_UNGUARDED_AVAILABILITY = YES_AGGRESSIVE;
				CLANG_WARN_UNREACHABLE_CODE = YES;
				CLANG_WARN__DUPLICATE_METHOD_MATCH = YES;
				CODE_SIGN_IDENTITY = "iPhone Developer";
				COPY_PHASE_STRIP = NO;
				DEBUG_INFORMATION_FORMAT = dwarf;
				ENABLE_STRICT_OBJC_MSGSEND = YES;
				ENABLE_TESTABILITY = YES;
				GCC_C_LANGUAGE_STANDARD = gnu11;
				GCC_DYNAMIC_NO_PIC = NO;
				GCC_NO_COMMON_BLOCKS = YES;
				GCC_OPTIMIZATION_LEVEL = 0;
				GCC_PREPROCESSOR_DEFINITIONS = (
					"DEBUG=1",
					"$(inherited)",
				);
				GCC_WARN_64_TO_32_BIT_CONVERSION = YES;
				GCC_WARN_ABOUT_RETURN_TYPE = YES_ERROR;
				GCC_WARN_UNDECLARED_SELECTOR = YES;
				GCC_WARN_UNINITIALIZED_AUTOS = YES_AGGRESSIVE;
				GCC_WARN_UNUSED_FUNCTION = YES;
				GCC_WARN_UNUSED_VARIABLE = YES;
				IPHONEOS_DEPLOYMENT_TARGET = 11.3;
				MTL_ENABLE_DEBUG_INFO = YES;
				ONLY_ACTIVE_ARCH = YES;
				SDKROOT = iphoneos;
			};
			name = Debug;
		};
		DCC20ACF20A331BE002D5AAF /* Release */ = {
			isa = XCBuildConfiguration;
			buildSettings = {
				ALWAYS_SEARCH_USER_PATHS = NO;
				CLANG_ANALYZER_NONNULL = YES;
				CLANG_ANALYZER_NUMBER_OBJECT_CONVERSION = YES_AGGRESSIVE;
				CLANG_CXX_LANGUAGE_STANDARD = "gnu++14";
				CLANG_CXX_LIBRARY = "libc++";
				CLANG_ENABLE_MODULES = YES;
				CLANG_ENABLE_OBJC_ARC = YES;
				CLANG_ENABLE_OBJC_WEAK = YES;
				CLANG_WARN_BLOCK_CAPTURE_AUTORELEASING = YES;
				CLANG_WARN_BOOL_CONVERSION = YES;
				CLANG_WARN_COMMA = YES;
				CLANG_WARN_CONSTANT_CONVERSION = YES;
				CLANG_WARN_DEPRECATED_OBJC_IMPLEMENTATIONS = YES;
				CLANG_WARN_DIRECT_OBJC_ISA_USAGE = YES_ERROR;
				CLANG_WARN_DOCUMENTATION_COMMENTS = YES;
				CLANG_WARN_EMPTY_BODY = YES;
				CLANG_WARN_ENUM_CONVERSION = YES;
				CLANG_WARN_INFINITE_RECURSION = YES;
				CLANG_WARN_INT_CONVERSION = YES;
				CLANG_WARN_NON_LITERAL_NULL_CONVERSION = YES;
				CLANG_WARN_OBJC_IMPLICIT_RETAIN_SELF = YES;
				CLANG_WARN_OBJC_LITERAL_CONVERSION = YES;
				CLANG_WARN_OBJC_ROOT_CLASS = YES_ERROR;
				CLANG_WARN_RANGE_LOOP_ANALYSIS = YES;
				CLANG_WARN_STRICT_PROTOTYPES = YES;
				CLANG_WARN_SUSPICIOUS_MOVE = YES;
				CLANG_WARN_UNGUARDED_AVAILABILITY = YES_AGGRESSIVE;
				CLANG_WARN_UNREACHABLE_CODE = YES;
				CLANG_WARN__DUPLICATE_METHOD_MATCH = YES;
				CODE_SIGN_IDENTITY = "iPhone Developer";
				COPY_PHASE_STRIP = NO;
				DEBUG_INFORMATION_FORMAT = "dwarf-with-dsym";
				ENABLE_NS_ASSERTIONS = NO;
				ENABLE_STRICT_OBJC_MSGSEND = YES;
				GCC_C_LANGUAGE_STANDARD = gnu11;
				GCC_NO_COMMON_BLOCKS = YES;
				GCC_WARN_64_TO_32_BIT_CONVERSION = YES;
				GCC_WARN_ABOUT_RETURN_TYPE = YES_ERROR;
				GCC_WARN_UNDECLARED_SELECTOR = YES;
				GCC_WARN_UNINITIALIZED_AUTOS = YES_AGGRESSIVE;
				GCC_WARN_UNUSED_FUNCTION = YES;
				GCC_WARN_UNUSED_VARIABLE = YES;
				IPHONEOS_DEPLOYMENT_TARGET = 11.3;
				MTL_ENABLE_DEBUG_INFO = NO;
				SDKROOT = iphoneos;
				VALIDATE_PRODUCT = YES;
			};
			name = Release;
		};
		DCC20AD120A331BE002D5AAF /* Debug */ = {
			isa = XCBuildConfiguration;
			buildSettings = {
				ASSETCATALOG_COMPILER_APPICON_NAME = AppIcon;
				CODE_SIGN_STYLE = Automatic;
				DEVELOPMENT_TEAM = XD3VS32DFD;
				INFOPLIST_FILE = tableView_OC/Info.plist;
				LD_RUNPATH_SEARCH_PATHS = (
					"$(inherited)",
					"@executable_path/Frameworks",
				);
				PRODUCT_BUNDLE_IDENTIFIER = "Felix.tableView-OC";
				PRODUCT_NAME = "$(TARGET_NAME)";
				TARGETED_DEVICE_FAMILY = "1,2";
			};
			name = Debug;
		};
		DCC20AD220A331BE002D5AAF /* Release */ = {
			isa = XCBuildConfiguration;
			buildSettings = {
				ASSETCATALOG_COMPILER_APPICON_NAME = AppIcon;
				CODE_SIGN_STYLE = Automatic;
				DEVELOPMENT_TEAM = XD3VS32DFD;
				INFOPLIST_FILE = tableView_OC/Info.plist;
				LD_RUNPATH_SEARCH_PATHS = (
					"$(inherited)",
					"@executable_path/Frameworks",
				);
				PRODUCT_BUNDLE_IDENTIFIER = "Felix.tableView-OC";
				PRODUCT_NAME = "$(TARGET_NAME)";
				TARGETED_DEVICE_FAMILY = "1,2";
			};
			name = Release;
		};
/* End XCBuildConfiguration section */

/* Begin XCConfigurationList section */
		DCC20AB520A331BA002D5AAF /* Build configuration list for PBXProject "tableView_OC" */ = {
			isa = XCConfigurationList;
			buildConfigurations = (
				DCC20ACE20A331BE002D5AAF /* Debug */,
				DCC20ACF20A331BE002D5AAF /* Release */,
			);
			defaultConfigurationIsVisible = 0;
			defaultConfigurationName = Release;
		};
		DCC20AD020A331BE002D5AAF /* Build configuration list for PBXNativeTarget "tableView_OC" */ = {
			isa = XCConfigurationList;
			buildConfigurations = (
				DCC20AD120A331BE002D5AAF /* Debug */,
				DCC20AD220A331BE002D5AAF /* Release */,
			);
			defaultConfigurationIsVisible = 0;
			defaultConfigurationName = Release;
		};
/* End XCConfigurationList section */
	};
	rootObject = DCC20AB220A331BA002D5AAF /* Project object */;
}
